
Microsoft Visual Studio Solution File, Format Version 12.00
# Visual Studio 15
VisualStudioVersion = 15.0.28307.329
MinimumVisualStudioVersion = 10.0.40219.1
Project("{FAE04EC0-301F-11D3-BF4B-00C04F79EFBC}") = "NewMovieStore", "NewMovieStore\NewMovieStore.csproj", "{38C67C3C-85DF-47FF-953D-546F31DB4A31}"
EndProject
Project("{FAE04EC0-301F-11D3-BF4B-00C04F79EFBC}") = "NewMovieStore.Tests", "NewMovieStore.Tests\NewMovieStore.Tests.csproj", "{D67B5055-2BA4-4F6A-9043-742AE021ABF6}"
EndProject
Global
	GlobalSection(SolutionConfigurationPlatforms) = preSolution
		Debug|Any CPU = Debug|Any CPU
		Release|Any CPU = Release|Any CPU
	EndGlobalSection
	GlobalSection(ProjectConfigurationPlatforms) = postSolution
		{38C67C3C-85DF-47FF-953D-546F31DB4A31}.Debug|Any CPU.ActiveCfg = Debug|Any CPU
		{38C67C3C-85DF-47FF-953D-546F31DB4A31}.Debug|Any CPU.Build.0 = Debug|Any CPU
		{38C67C3C-85DF-47FF-953D-546F31DB4A31}.Release|Any CPU.ActiveCfg = Release|Any CPU
		{38C67C3C-85DF-47FF-953D-546F31DB4A31}.Release|Any CPU.Build.0 = Release|Any CPU
		{D67B5055-2BA4-4F6A-9043-742AE021ABF6}.Debug|Any CPU.ActiveCfg = Debug|Any CPU
		{D67B5055-2BA4-4F6A-9043-742AE021ABF6}.Debug|Any CPU.Build.0 = Debug|Any CPU
		{D67B5055-2BA4-4F6A-9043-742AE021ABF6}.Release|Any CPU.ActiveCfg = Release|Any CPU
		{D67B5055-2BA4-4F6A-9043-742AE021ABF6}.Release|Any CPU.Build.0 = Release|Any CPU
	EndGlobalSection
	GlobalSection(SolutionProperties) = preSolution
		HideSolutionNode = FALSE
	EndGlobalSection
	GlobalSection(ExtensibilityGlobals) = postSolution
		SolutionGuid = {C3D823B7-FA75-4362-B3AB-7F08536EEEF1}
	EndGlobalSection
EndGlobal
